
Microsoft Visual Studio Solution File, Format Version 12.00
# Visual Studio Version 16
VisualStudioVersion = 16.0.28315.86
MinimumVisualStudioVersion = 10.0.40219.1
Project("{2150E333-8FDC-42A3-9474-1A3956D46DE8}") = "Engine", "Engine", "{C0D4EC6F-366C-48F9-BEBC-FE48A5F43CA5}"
EndProject
Project("{2150E333-8FDC-42A3-9474-1A3956D46DE8}") = "Games", "Games", "{2630E2D0-2580-4D80-BD24-F333BDF5132F}"
EndProject
Project("{8BC9CEB8-8B4A-11D0-8D11-00A0C91BC942}") = "CoopGame", "Intermediate\ProjectFiles\CoopGame.vcxproj", "{58B7688C-FB33-4960-BE89-5621D68E9DB6}"
EndProject
Project("{8BC9CEB8-8B4A-11D0-8D11-00A0C91BC942}") = "UE4", "Intermediate\ProjectFiles\UE4.vcxproj", "{9A4A8E21-0A09-48D7-8A31-A464646BF66E}"
EndProject
Project("{2150E333-8FDC-42A3-9474-1A3956D46DE8}") = "Visualizers", "Visualizers", "{D7554040-B4E1-4C0E-AD16-2D72A02DD473}"
	ProjectSection(SolutionItems) = preProject
		..\..\UE_4.22\Engine\Extras\VisualStudioDebugging\UE4.natvis = ..\..\UE_4.22\Engine\Extras\VisualStudioDebugging\UE4.natvis
	EndProjectSection
EndProject
Global
	GlobalSection(SolutionConfigurationPlatforms) = preSolution
		DebugGame Editor|HTML5 = DebugGame Editor|HTML5
		DebugGame Editor|Win32 = DebugGame Editor|Win32
		DebugGame Editor|Win64 = DebugGame Editor|Win64
		DebugGame|HTML5 = DebugGame|HTML5
		DebugGame|Win32 = DebugGame|Win32
		DebugGame|Win64 = DebugGame|Win64
		Development Editor|HTML5 = Development Editor|HTML5
		Development Editor|Win32 = Development Editor|Win32
		Development Editor|Win64 = Development Editor|Win64
		Development|HTML5 = Development|HTML5
		Development|Win32 = Development|Win32
		Development|Win64 = Development|Win64
		Shipping|HTML5 = Shipping|HTML5
		Shipping|Win32 = Shipping|Win32
		Shipping|Win64 = Shipping|Win64
	EndGlobalSection
	GlobalSection(ProjectConfigurationPlatforms) = postSolution
		{58B7688C-FB33-4960-BE89-5621D68E9DB6}.DebugGame Editor|HTML5.ActiveCfg = Invalid|Win32
		{58B7688C-FB33-4960-BE89-5621D68E9DB6}.DebugGame Editor|Win32.ActiveCfg = Invalid|Win32
		{58B7688C-FB33-4960-BE89-5621D68E9DB6}.DebugGame Editor|Win64.ActiveCfg = DebugGame_Editor|x64
		{58B7688C-FB33-4960-BE89-5621D68E9DB6}.DebugGame Editor|Win64.Build.0 = DebugGame_Editor|x64
		{58B7688C-FB33-4960-BE89-5621D68E9DB6}.DebugGame|HTML5.ActiveCfg = HTML5_DebugGame|Win32
		{58B7688C-FB33-4960-BE89-5621D68E9DB6}.DebugGame|HTML5.Build.0 = HTML5_DebugGame|Win32
		{58B7688C-FB33-4960-BE89-5621D68E9DB6}.DebugGame|Win32.ActiveCfg = DebugGame|Win32
		{58B7688C-FB33-4960-BE89-5621D68E9DB6}.DebugGame|Win32.Build.0 = DebugGame|Win32
		{58B7688C-FB33-4960-BE89-5621D68E9DB6}.DebugGame|Win64.ActiveCfg = DebugGame|x64
		{58B7688C-FB33-4960-BE89-5621D68E9DB6}.DebugGame|Win64.Build.0 = DebugGame|x64
		{58B7688C-FB33-4960-BE89-5621D68E9DB6}.Development Editor|HTML5.ActiveCfg = Invalid|Win32
		{58B7688C-FB33-4960-BE89-5621D68E9DB6}.Development Editor|Win32.ActiveCfg = Invalid|Win32
		{58B7688C-FB33-4960-BE89-5621D68E9DB6}.Development Editor|Win64.ActiveCfg = Development_Editor|x64
		{58B7688C-FB33-4960-BE89-5621D68E9DB6}.Development Editor|Win64.Build.0 = Development_Editor|x64
		{58B7688C-FB33-4960-BE89-5621D68E9DB6}.Development|HTML5.ActiveCfg = HTML5_Development|Win32
		{58B7688C-FB33-4960-BE89-5621D68E9DB6}.Development|HTML5.Build.0 = HTML5_Development|Win32
		{58B7688C-FB33-4960-BE89-5621D68E9DB6}.Development|Win32.ActiveCfg = Development|Win32
		{58B7688C-FB33-4960-BE89-5621D68E9DB6}.Development|Win32.Build.0 = Development|Win32
		{58B7688C-FB33-4960-BE89-5621D68E9DB6}.Development|Win64.ActiveCfg = Development|x64
		{58B7688C-FB33-4960-BE89-5621D68E9DB6}.Development|Win64.Build.0 = Development|x64
		{58B7688C-FB33-4960-BE89-5621D68E9DB6}.Shipping|HTML5.ActiveCfg = HTML5_Shipping|Win32
		{58B7688C-FB33-4960-BE89-5621D68E9DB6}.Shipping|HTML5.Build.0 = HTML5_Shipping|Win32
		{58B7688C-FB33-4960-BE89-5621D68E9DB6}.Shipping|Win32.ActiveCfg = Shipping|Win32
		{58B7688C-FB33-4960-BE89-5621D68E9DB6}.Shipping|Win32.Build.0 = Shipping|Win32
		{58B7688C-FB33-4960-BE89-5621D68E9DB6}.Shipping|Win64.ActiveCfg = Shipping|x64
		{58B7688C-FB33-4960-BE89-5621D68E9DB6}.Shipping|Win64.Build.0 = Shipping|x64
		{9A4A8E21-0A09-48D7-8A31-A464646BF66E}.DebugGame Editor|HTML5.ActiveCfg = BuiltWithUnrealBuildTool|Win32
		{9A4A8E21-0A09-48D7-8A31-A464646BF66E}.DebugGame Editor|Win32.ActiveCfg = BuiltWithUnrealBuildTool|Win32
		{9A4A8E21-0A09-48D7-8A31-A464646BF66E}.DebugGame Editor|Win64.ActiveCfg = BuiltWithUnrealBuildTool|Win32
		{9A4A8E21-0A09-48D7-8A31-A464646BF66E}.DebugGame|HTML5.ActiveCfg = BuiltWithUnrealBuildTool|Win32
		{9A4A8E21-0A09-48D7-8A31-A464646BF66E}.DebugGame|Win32.ActiveCfg = BuiltWithUnrealBuildTool|Win32
		{9A4A8E21-0A09-48D7-8A31-A464646BF66E}.DebugGame|Win64.ActiveCfg = BuiltWithUnrealBuildTool|Win32
		{9A4A8E21-0A09-48D7-8A31-A464646BF66E}.Development Editor|HTML5.ActiveCfg = BuiltWithUnrealBuildTool|Win32
		{9A4A8E21-0A09-48D7-8A31-A464646BF66E}.Development Editor|Win32.ActiveCfg = BuiltWithUnrealBuildTool|Win32
		{9A4A8E21-0A09-48D7-8A31-A464646BF66E}.Development Editor|Win64.ActiveCfg = BuiltWithUnrealBuildTool|Win32
		{9A4A8E21-0A09-48D7-8A31-A464646BF66E}.Development|HTML5.ActiveCfg = BuiltWithUnrealBuildTool|Win32
		{9A4A8E21-0A09-48D7-8A31-A464646BF66E}.Development|Win32.ActiveCfg = BuiltWithUnrealBuildTool|Win32
		{9A4A8E21-0A09-48D7-8A31-A464646BF66E}.Development|Win64.ActiveCfg = BuiltWithUnrealBuildTool|Win32
		{9A4A8E21-0A09-48D7-8A31-A464646BF66E}.Shipping|HTML5.ActiveCfg = BuiltWithUnrealBuildTool|Win32
		{9A4A8E21-0A09-48D7-8A31-A464646BF66E}.Shipping|Win32.ActiveCfg = BuiltWithUnrealBuildTool|Win32
		{9A4A8E21-0A09-48D7-8A31-A464646BF66E}.Shipping|Win64.ActiveCfg = BuiltWithUnrealBuildTool|Win32
	EndGlobalSection
	GlobalSection(SolutionProperties) = preSolution
		HideSolutionNode = FALSE
	EndGlobalSection
	GlobalSection(NestedProjects) = preSolution
		{9A4A8E21-0A09-48D7-8A31-A464646BF66E} = {C0D4EC6F-366C-48F9-BEBC-FE48A5F43CA5}
		{58B7688C-FB33-4960-BE89-5621D68E9DB6} = {2630E2D0-2580-4D80-BD24-F333BDF5132F}
	EndGlobalSection
EndGlobal
